
Microsoft Visual Studio Solution File, Format Version 12.00
# Visual Studio Version 17
VisualStudioVersion = 17.8.34322.80
MinimumVisualStudioVersion = 10.0.40219.1
Project("{9A19103F-16F7-4668-BE54-9A1E7A4F7556}") = "BlazorVault", "BlazorVault.csproj", "{EB2ADBD1-8AE7-4052-80BA-501721CC671C}"
EndProject
Global
	GlobalSection(SolutionConfigurationPlatforms) = preSolution
		Debug|Any CPU = Debug|Any CPU
		Release|Any CPU = Release|Any CPU
	EndGlobalSection
	GlobalSection(ProjectConfigurationPlatforms) = postSolution
		{EB2ADBD1-8AE7-4052-80BA-501721CC671C}.Debug|Any CPU.ActiveCfg = Debug|Any CPU
		{EB2ADBD1-8AE7-4052-80BA-501721CC671C}.Debug|Any CPU.Build.0 = Debug|Any CPU
		{EB2ADBD1-8AE7-4052-80BA-501721CC671C}.Release|Any CPU.ActiveCfg = Release|Any CPU
		{EB2ADBD1-8AE7-4052-80BA-501721CC671C}.Release|Any CPU.Build.0 = Release|Any CPU
	EndGlobalSection
	GlobalSection(SolutionProperties) = preSolution
		HideSolutionNode = FALSE
	EndGlobalSection
	GlobalSection(ExtensibilityGlobals) = postSolution
		SolutionGuid = {F7C64573-3223-47A8-8F76-29456022CA07}
	EndGlobalSection
EndGlobal
